
Microsoft Visual Studio Solution File, Format Version 12.00
# Visual Studio Version 16
VisualStudioVersion = 16.0.29920.165
MinimumVisualStudioVersion = 10.0.40219.1
Project("{FAE04EC0-301F-11D3-BF4B-00C04F79EFBC}") = "Sudoku", "Sudoku.csproj", "{42861ABF-DC4D-4F41-821F-D54A948E7C33}"
EndProject
Global
	GlobalSection(SolutionConfigurationPlatforms) = preSolution
		Debug|ARM = Debug|ARM
		Debug|ARM64 = Debug|ARM64
		Debug|x64 = Debug|x64
		Debug|x86 = Debug|x86
		Release|ARM = Release|ARM
		Release|ARM64 = Release|ARM64
		Release|x64 = Release|x64
		Release|x86 = Release|x86
	EndGlobalSection
	GlobalSection(ProjectConfigurationPlatforms) = postSolution
		{42861ABF-DC4D-4F41-821F-D54A948E7C33}.Debug|ARM.ActiveCfg = Debug|ARM
		{42861ABF-DC4D-4F41-821F-D54A948E7C33}.Debug|ARM.Build.0 = Debug|ARM
		{42861ABF-DC4D-4F41-821F-D54A948E7C33}.Debug|ARM.Deploy.0 = Debug|ARM
		{42861ABF-DC4D-4F41-821F-D54A948E7C33}.Debug|ARM64.ActiveCfg = Debug|ARM64
		{42861ABF-DC4D-4F41-821F-D54A948E7C33}.Debug|ARM64.Build.0 = Debug|ARM64
		{42861ABF-DC4D-4F41-821F-D54A948E7C33}.Debug|ARM64.Deploy.0 = Debug|ARM64
		{42861ABF-DC4D-4F41-821F-D54A948E7C33}.Debug|x64.ActiveCfg = Debug|x64
		{42861ABF-DC4D-4F41-821F-D54A948E7C33}.Debug|x64.Build.0 = Debug|x64
		{42861ABF-DC4D-4F41-821F-D54A948E7C33}.Debug|x64.Deploy.0 = Debug|x64
		{42861ABF-DC4D-4F41-821F-D54A948E7C33}.Debug|x86.ActiveCfg = Debug|x86
		{42861ABF-DC4D-4F41-821F-D54A948E7C33}.Debug|x86.Build.0 = Debug|x86
		{42861ABF-DC4D-4F41-821F-D54A948E7C33}.Debug|x86.Deploy.0 = Debug|x86
		{42861ABF-DC4D-4F41-821F-D54A948E7C33}.Release|ARM.ActiveCfg = Release|ARM
		{42861ABF-DC4D-4F41-821F-D54A948E7C33}.Release|ARM.Build.0 = Release|ARM
		{42861ABF-DC4D-4F41-821F-D54A948E7C33}.Release|ARM.Deploy.0 = Release|ARM
		{42861ABF-DC4D-4F41-821F-D54A948E7C33}.Release|ARM64.ActiveCfg = Release|ARM64
		{42861ABF-DC4D-4F41-821F-D54A948E7C33}.Release|ARM64.Build.0 = Release|ARM64
		{42861ABF-DC4D-4F41-821F-D54A948E7C33}.Release|ARM64.Deploy.0 = Release|ARM64
		{42861ABF-DC4D-4F41-821F-D54A948E7C33}.Release|x64.ActiveCfg = Release|x64
		{42861ABF-DC4D-4F41-821F-D54A948E7C33}.Release|x64.Build.0 = Release|x64
		{42861ABF-DC4D-4F41-821F-D54A948E7C33}.Release|x64.Deploy.0 = Release|x64
		{42861ABF-DC4D-4F41-821F-D54A948E7C33}.Release|x86.ActiveCfg = Release|x86
		{42861ABF-DC4D-4F41-821F-D54A948E7C33}.Release|x86.Build.0 = Release|x86
		{42861ABF-DC4D-4F41-821F-D54A948E7C33}.Release|x86.Deploy.0 = Release|x86
	EndGlobalSection
	GlobalSection(SolutionProperties) = preSolution
		HideSolutionNode = FALSE
	EndGlobalSection
	GlobalSection(ExtensibilityGlobals) = postSolution
		SolutionGuid = {A56372CB-EAB3-4883-A87C-145F4E9EFBED}
	EndGlobalSection
EndGlobal
